
Microsoft Visual Studio Solution File, Format Version 12.00
# Visual Studio Version 17
VisualStudioVersion = 17.0.31717.71
MinimumVisualStudioVersion = 10.0.40219.1
Project("{FAE04EC0-301F-11D3-BF4B-00C04F79EFBC}") = "AnimalFabric", "AnimalFabric.csproj", "{7D8D3EF1-394E-4885-BC3C-52821027E255}"
EndProject
Global
	GlobalSection(SolutionConfigurationPlatforms) = preSolution
		Debug|Any CPU = Debug|Any CPU
		Release|Any CPU = Release|Any CPU
	EndGlobalSection
	GlobalSection(ProjectConfigurationPlatforms) = postSolution
		{7D8D3EF1-394E-4885-BC3C-52821027E255}.Debug|Any CPU.ActiveCfg = Debug|Any CPU
		{7D8D3EF1-394E-4885-BC3C-52821027E255}.Debug|Any CPU.Build.0 = Debug|Any CPU
		{7D8D3EF1-394E-4885-BC3C-52821027E255}.Release|Any CPU.ActiveCfg = Release|Any CPU
		{7D8D3EF1-394E-4885-BC3C-52821027E255}.Release|Any CPU.Build.0 = Release|Any CPU
	EndGlobalSection
	GlobalSection(SolutionProperties) = preSolution
		HideSolutionNode = FALSE
	EndGlobalSection
	GlobalSection(ExtensibilityGlobals) = postSolution
		SolutionGuid = {B664733B-067B-4E3E-A17E-F70A1E98CA78}
	EndGlobalSection
EndGlobal
